// !$*UTF8*$!
{
	archiveVersion = 1;
	classes = {
	};
	objectVersion = 56;
	objects = {

/* Begin PBXBuildFile section */
		AC1473BC2BE7EC0600B81250 /* ImagesListCell.swift in Sources */ = {isa = PBXBuildFile; fileRef = AC1473BB2BE7EC0600B81250 /* ImagesListCell.swift */; };
		AC3297AE2BE8071F00411DC9 /* Assets.xcassets in Resources */ = {isa = PBXBuildFile; fileRef = AC3297AD2BE8071F00411DC9 /* Assets.xcassets */; };
		AC489E1E2BF6845C001227EA /* ProfileViewController.swift in Sources */ = {isa = PBXBuildFile; fileRef = AC489E1D2BF6845C001227EA /* ProfileViewController.swift */; };
		AC8163192C0A6131004297DF /* WebViewViewController.swift in Sources */ = {isa = PBXBuildFile; fileRef = AC8163182C0A6131004297DF /* WebViewViewController.swift */; };
		AC8710CC2BE6584F00387147 /* AppDelegate.swift in Sources */ = {isa = PBXBuildFile; fileRef = AC8710CB2BE6584F00387147 /* AppDelegate.swift */; };
		AC8710CE2BE6584F00387147 /* SceneDelegate.swift in Sources */ = {isa = PBXBuildFile; fileRef = AC8710CD2BE6584F00387147 /* SceneDelegate.swift */; };
		AC8710D02BE6584F00387147 /* ImagesListViewController.swift in Sources */ = {isa = PBXBuildFile; fileRef = AC8710CF2BE6584F00387147 /* ImagesListViewController.swift */; };
		AC8710D32BE6584F00387147 /* Base in Resources */ = {isa = PBXBuildFile; fileRef = AC8710D22BE6584F00387147 /* Base */; };
		AC8710D82BE6585000387147 /* Base in Resources */ = {isa = PBXBuildFile; fileRef = AC8710D72BE6585000387147 /* Base */; };
		AC89502A2C0A5D7F0075A70E /* AuthViewController.swift in Sources */ = {isa = PBXBuildFile; fileRef = AC8950292C0A5D7F0075A70E /* AuthViewController.swift */; };
		AC97BB9E2BF8A06F00B194F4 /* SingleImageViewController.swift in Sources */ = {isa = PBXBuildFile; fileRef = AC97BB9D2BF8A06F00B194F4 /* SingleImageViewController.swift */; };
		ACADF7C02C08E59A003F5BE6 /* Constants.swift in Sources */ = {isa = PBXBuildFile; fileRef = ACADF7BF2C08E59A003F5BE6 /* Constants.swift */; };
		ACC20EED2BEAB4A1008373BC /* GradientView.swift in Sources */ = {isa = PBXBuildFile; fileRef = ACC20EEC2BEAB4A1008373BC /* GradientView.swift */; };
/* End PBXBuildFile section */

/* Begin PBXFileReference section */
		AC1473BB2BE7EC0600B81250 /* ImagesListCell.swift */ = {isa = PBXFileReference; lastKnownFileType = sourcecode.swift; path = ImagesListCell.swift; sourceTree = "<group>"; };
		AC3297AD2BE8071F00411DC9 /* Assets.xcassets */ = {isa = PBXFileReference; lastKnownFileType = folder.assetcatalog; path = Assets.xcassets; sourceTree = "<group>"; };
		AC489E1D2BF6845C001227EA /* ProfileViewController.swift */ = {isa = PBXFileReference; lastKnownFileType = sourcecode.swift; path = ProfileViewController.swift; sourceTree = "<group>"; };
		AC8163182C0A6131004297DF /* WebViewViewController.swift */ = {isa = PBXFileReference; lastKnownFileType = sourcecode.swift; path = WebViewViewController.swift; sourceTree = "<group>"; };
		AC8710C82BE6584F00387147 /* ImageFeed.app */ = {isa = PBXFileReference; explicitFileType = wrapper.application; includeInIndex = 0; path = ImageFeed.app; sourceTree = BUILT_PRODUCTS_DIR; };
		AC8710CB2BE6584F00387147 /* AppDelegate.swift */ = {isa = PBXFileReference; lastKnownFileType = sourcecode.swift; path = AppDelegate.swift; sourceTree = "<group>"; };
		AC8710CD2BE6584F00387147 /* SceneDelegate.swift */ = {isa = PBXFileReference; lastKnownFileType = sourcecode.swift; path = SceneDelegate.swift; sourceTree = "<group>"; };
		AC8710CF2BE6584F00387147 /* ImagesListViewController.swift */ = {isa = PBXFileReference; lastKnownFileType = sourcecode.swift; path = ImagesListViewController.swift; sourceTree = "<group>"; };
		AC8710D22BE6584F00387147 /* Base */ = {isa = PBXFileReference; lastKnownFileType = file.storyboard; name = Base; path = Base.lproj/Main.storyboard; sourceTree = "<group>"; };
		AC8710D72BE6585000387147 /* Base */ = {isa = PBXFileReference; lastKnownFileType = file.storyboard; name = Base; path = Base.lproj/LaunchScreen.storyboard; sourceTree = "<group>"; };
		AC8710D92BE6585000387147 /* Info.plist */ = {isa = PBXFileReference; lastKnownFileType = text.plist.xml; path = Info.plist; sourceTree = "<group>"; };
		AC8950292C0A5D7F0075A70E /* AuthViewController.swift */ = {isa = PBXFileReference; lastKnownFileType = sourcecode.swift; path = AuthViewController.swift; sourceTree = "<group>"; };
		AC97BB9D2BF8A06F00B194F4 /* SingleImageViewController.swift */ = {isa = PBXFileReference; lastKnownFileType = sourcecode.swift; path = SingleImageViewController.swift; sourceTree = "<group>"; };
		ACADF7BF2C08E59A003F5BE6 /* Constants.swift */ = {isa = PBXFileReference; lastKnownFileType = sourcecode.swift; path = Constants.swift; sourceTree = "<group>"; };
		ACC20EEC2BEAB4A1008373BC /* GradientView.swift */ = {isa = PBXFileReference; lastKnownFileType = sourcecode.swift; path = GradientView.swift; sourceTree = "<group>"; };
/* End PBXFileReference section */

/* Begin PBXFrameworksBuildPhase section */
		AC8710C52BE6584F00387147 /* Frameworks */ = {
			isa = PBXFrameworksBuildPhase;
			buildActionMask = 2147483647;
			files = (
			);
			runOnlyForDeploymentPostprocessing = 0;
		};
/* End PBXFrameworksBuildPhase section */

/* Begin PBXGroup section */
		AC1473BD2BE7EC3800B81250 /* ImagesList */ = {
			isa = PBXGroup;
			children = (
				ACEEA92C2BFD1B58000C7848 /* SingleImage */,
				AC1473BB2BE7EC0600B81250 /* ImagesListCell.swift */,
				AC8710CF2BE6584F00387147 /* ImagesListViewController.swift */,
			);
			path = ImagesList;
			sourceTree = "<group>";
		};
		AC8710BF2BE6584F00387147 = {
			isa = PBXGroup;
			children = (
				AC8710CA2BE6584F00387147 /* ImageFeed */,
				ACC20EEB2BEAB46F008373BC /* Helpers */,
				AC8710C92BE6584F00387147 /* Products */,
			);
			sourceTree = "<group>";
		};
		AC8710C92BE6584F00387147 /* Products */ = {
			isa = PBXGroup;
			children = (
				AC8710C82BE6584F00387147 /* ImageFeed.app */,
			);
			name = Products;
			sourceTree = "<group>";
		};
		AC8710CA2BE6584F00387147 /* ImageFeed */ = {
			isa = PBXGroup;
			children = (
				AC8950262C0A5CAC0075A70E /* Auth */,
				ACADF7BE2C08E583003F5BE6 /* Unsplpash */,
				ACA9727F2BF68BEF00AC8F77 /* Profile */,
				AC1473BD2BE7EC3800B81250 /* ImagesList */,
				AC8710CB2BE6584F00387147 /* AppDelegate.swift */,
				AC8710CD2BE6584F00387147 /* SceneDelegate.swift */,
				AC8710D12BE6584F00387147 /* Main.storyboard */,
				AC8710D62BE6585000387147 /* LaunchScreen.storyboard */,
				AC8710D92BE6585000387147 /* Info.plist */,
				AC3297AD2BE8071F00411DC9 /* Assets.xcassets */,
			);
			path = ImageFeed;
			sourceTree = "<group>";
		};
		AC8950262C0A5CAC0075A70E /* Auth */ = {
			isa = PBXGroup;
			children = (
				AC8950292C0A5D7F0075A70E /* AuthViewController.swift */,
				AC8163182C0A6131004297DF /* WebViewViewController.swift */,
			);
			path = Auth;
			sourceTree = "<group>";
		};
		ACA9727F2BF68BEF00AC8F77 /* Profile */ = {
			isa = PBXGroup;
			children = (
				AC489E1D2BF6845C001227EA /* ProfileViewController.swift */,
			);
			path = Profile;
			sourceTree = "<group>";
		};
		ACADF7BE2C08E583003F5BE6 /* Unsplpash */ = {
			isa = PBXGroup;
			children = (
				ACADF7BF2C08E59A003F5BE6 /* Constants.swift */,
			);
			path = Unsplpash;
			sourceTree = "<group>";
		};
		ACC20EEB2BEAB46F008373BC /* Helpers */ = {
			isa = PBXGroup;
			children = (
				ACC20EEC2BEAB4A1008373BC /* GradientView.swift */,
			);
			path = Helpers;
			sourceTree = "<group>";
		};
		ACEEA92C2BFD1B58000C7848 /* SingleImage */ = {
			isa = PBXGroup;
			children = (
				AC97BB9D2BF8A06F00B194F4 /* SingleImageViewController.swift */,
			);
			path = SingleImage;
			sourceTree = "<group>";
		};
/* End PBXGroup section */

/* Begin PBXNativeTarget section */
		AC8710C72BE6584F00387147 /* ImageFeed */ = {
			isa = PBXNativeTarget;
			buildConfigurationList = AC8710DC2BE6585000387147 /* Build configuration list for PBXNativeTarget "ImageFeed" */;
			buildPhases = (
				AC8710C42BE6584F00387147 /* Sources */,
				AC8710C52BE6584F00387147 /* Frameworks */,
				AC8710C62BE6584F00387147 /* Resources */,
			);
			buildRules = (
			);
			dependencies = (
			);
			name = ImageFeed;
			productName = ImageFeed;
			productReference = AC8710C82BE6584F00387147 /* ImageFeed.app */;
			productType = "com.apple.product-type.application";
		};
/* End PBXNativeTarget section */

/* Begin PBXProject section */
		AC8710C02BE6584F00387147 /* Project object */ = {
			isa = PBXProject;
			attributes = {
				BuildIndependentTargetsInParallel = 1;
				LastSwiftUpdateCheck = 1530;
				LastUpgradeCheck = 1530;
				TargetAttributes = {
					AC8710C72BE6584F00387147 = {
						CreatedOnToolsVersion = 15.3;
					};
				};
			};
			buildConfigurationList = AC8710C32BE6584F00387147 /* Build configuration list for PBXProject "ImageFeed" */;
			compatibilityVersion = "Xcode 14.0";
			developmentRegion = en;
			hasScannedForEncodings = 0;
			knownRegions = (
				en,
				Base,
			);
			mainGroup = AC8710BF2BE6584F00387147;
			productRefGroup = AC8710C92BE6584F00387147 /* Products */;
			projectDirPath = "";
			projectRoot = "";
			targets = (
				AC8710C72BE6584F00387147 /* ImageFeed */,
			);
		};
/* End PBXProject section */

/* Begin PBXResourcesBuildPhase section */
		AC8710C62BE6584F00387147 /* Resources */ = {
			isa = PBXResourcesBuildPhase;
			buildActionMask = 2147483647;
			files = (
				AC8710D82BE6585000387147 /* Base in Resources */,
				AC3297AE2BE8071F00411DC9 /* Assets.xcassets in Resources */,
				AC8710D32BE6584F00387147 /* Base in Resources */,
			);
			runOnlyForDeploymentPostprocessing = 0;
		};
/* End PBXResourcesBuildPhase section */

/* Begin PBXSourcesBuildPhase section */
		AC8710C42BE6584F00387147 /* Sources */ = {
			isa = PBXSourcesBuildPhase;
			buildActionMask = 2147483647;
			files = (
				AC8163192C0A6131004297DF /* WebViewViewController.swift in Sources */,
				AC489E1E2BF6845C001227EA /* ProfileViewController.swift in Sources */,
				AC8710D02BE6584F00387147 /* ImagesListViewController.swift in Sources */,
				AC1473BC2BE7EC0600B81250 /* ImagesListCell.swift in Sources */,
				AC97BB9E2BF8A06F00B194F4 /* SingleImageViewController.swift in Sources */,
				ACC20EED2BEAB4A1008373BC /* GradientView.swift in Sources */,
				AC8710CC2BE6584F00387147 /* AppDelegate.swift in Sources */,
				AC8710CE2BE6584F00387147 /* SceneDelegate.swift in Sources */,
				AC89502A2C0A5D7F0075A70E /* AuthViewController.swift in Sources */,
				ACADF7C02C08E59A003F5BE6 /* Constants.swift in Sources */,
			);
			runOnlyForDeploymentPostprocessing = 0;
		};
/* End PBXSourcesBuildPhase section */

/* Begin PBXVariantGroup section */
		AC8710D12BE6584F00387147 /* Main.storyboard */ = {
			isa = PBXVariantGroup;
			children = (
				AC8710D22BE6584F00387147 /* Base */,
			);
			name = Main.storyboard;
			sourceTree = "<group>";
		};
		AC8710D62BE6585000387147 /* LaunchScreen.storyboard */ = {
			isa = PBXVariantGroup;
			children = (
				AC8710D72BE6585000387147 /* Base */,
			);
			name = LaunchScreen.storyboard;
			sourceTree = "<group>";
		};
/* End PBXVariantGroup section */

/* Begin XCBuildConfiguration section */
		AC8710DA2BE6585000387147 /* Debug */ = {
			isa = XCBuildConfiguration;
			buildSettings = {
				ALWAYS_SEARCH_USER_PATHS = NO;
				ASSETCATALOG_COMPILER_GENERATE_SWIFT_ASSET_SYMBOL_EXTENSIONS = YES;
				CLANG_ANALYZER_NONNULL = YES;
				CLANG_ANALYZER_NUMBER_OBJECT_CONVERSION = YES_AGGRESSIVE;
				CLANG_CXX_LANGUAGE_STANDARD = "gnu++20";
				CLANG_ENABLE_MODULES = YES;
				CLANG_ENABLE_OBJC_ARC = YES;
				CLANG_ENABLE_OBJC_WEAK = YES;
				CLANG_WARN_BLOCK_CAPTURE_AUTORELEASING = YES;
				CLANG_WARN_BOOL_CONVERSION = YES;
				CLANG_WARN_COMMA = YES;
				CLANG_WARN_CONSTANT_CONVERSION = YES;
				CLANG_WARN_DEPRECATED_OBJC_IMPLEMENTATIONS = YES;
				CLANG_WARN_DIRECT_OBJC_ISA_USAGE = YES_ERROR;
				CLANG_WARN_DOCUMENTATION_COMMENTS = YES;
				CLANG_WARN_EMPTY_BODY = YES;
				CLANG_WARN_ENUM_CONVERSION = YES;
				CLANG_WARN_INFINITE_RECURSION = YES;
				CLANG_WARN_INT_CONVERSION = YES;
				CLANG_WARN_NON_LITERAL_NULL_CONVERSION = YES;
				CLANG_WARN_OBJC_IMPLICIT_RETAIN_SELF = YES;
				CLANG_WARN_OBJC_LITERAL_CONVERSION = YES;
				CLANG_WARN_OBJC_ROOT_CLASS = YES_ERROR;
				CLANG_WARN_QUOTED_INCLUDE_IN_FRAMEWORK_HEADER = YES;
				CLANG_WARN_RANGE_LOOP_ANALYSIS = YES;
				CLANG_WARN_STRICT_PROTOTYPES = YES;
				CLANG_WARN_SUSPICIOUS_MOVE = YES;
				CLANG_WARN_UNGUARDED_AVAILABILITY = YES_AGGRESSIVE;
				CLANG_WARN_UNREACHABLE_CODE = YES;
				CLANG_WARN__DUPLICATE_METHOD_MATCH = YES;
				COPY_PHASE_STRIP = NO;
				DEBUG_INFORMATION_FORMAT = dwarf;
				ENABLE_STRICT_OBJC_MSGSEND = YES;
				ENABLE_TESTABILITY = YES;
				ENABLE_USER_SCRIPT_SANDBOXING = YES;
				GCC_C_LANGUAGE_STANDARD = gnu17;
				GCC_DYNAMIC_NO_PIC = NO;
				GCC_NO_COMMON_BLOCKS = YES;
				GCC_OPTIMIZATION_LEVEL = 0;
				GCC_PREPROCESSOR_DEFINITIONS = (
					"DEBUG=1",
					"$(inherited)",
				);
				GCC_WARN_64_TO_32_BIT_CONVERSION = YES;
				GCC_WARN_ABOUT_RETURN_TYPE = YES_ERROR;
				GCC_WARN_UNDECLARED_SELECTOR = YES;
				GCC_WARN_UNINITIALIZED_AUTOS = YES_AGGRESSIVE;
				GCC_WARN_UNUSED_FUNCTION = YES;
				GCC_WARN_UNUSED_VARIABLE = YES;
				IPHONEOS_DEPLOYMENT_TARGET = 17.4;
				LOCALIZATION_PREFERS_STRING_CATALOGS = YES;
				MTL_ENABLE_DEBUG_INFO = INCLUDE_SOURCE;
				MTL_FAST_MATH = YES;
				ONLY_ACTIVE_ARCH = YES;
				SDKROOT = iphoneos;
				SWIFT_ACTIVE_COMPILATION_CONDITIONS = "DEBUG $(inherited)";
				SWIFT_OPTIMIZATION_LEVEL = "-Onone";
			};
			name = Debug;
		};
		AC8710DB2BE6585000387147 /* Release */ = {
			isa = XCBuildConfiguration;
			buildSettings = {
				ALWAYS_SEARCH_USER_PATHS = NO;
				ASSETCATALOG_COMPILER_GENERATE_SWIFT_ASSET_SYMBOL_EXTENSIONS = YES;
				CLANG_ANALYZER_NONNULL = YES;
				CLANG_ANALYZER_NUMBER_OBJECT_CONVERSION = YES_AGGRESSIVE;
				CLANG_CXX_LANGUAGE_STANDARD = "gnu++20";
				CLANG_ENABLE_MODULES = YES;
				CLANG_ENABLE_OBJC_ARC = YES;
				CLANG_ENABLE_OBJC_WEAK = YES;
				CLANG_WARN_BLOCK_CAPTURE_AUTORELEASING = YES;
				CLANG_WARN_BOOL_CONVERSION = YES;
				CLANG_WARN_COMMA = YES;
				CLANG_WARN_CONSTANT_CONVERSION = YES;
				CLANG_WARN_DEPRECATED_OBJC_IMPLEMENTATIONS = YES;
				CLANG_WARN_DIRECT_OBJC_ISA_USAGE = YES_ERROR;
				CLANG_WARN_DOCUMENTATION_COMMENTS = YES;
				CLANG_WARN_EMPTY_BODY = YES;
				CLANG_WARN_ENUM_CONVERSION = YES;
				CLANG_WARN_INFINITE_RECURSION = YES;
				CLANG_WARN_INT_CONVERSION = YES;
				CLANG_WARN_NON_LITERAL_NULL_CONVERSION = YES;
				CLANG_WARN_OBJC_IMPLICIT_RETAIN_SELF = YES;
				CLANG_WARN_OBJC_LITERAL_CONVERSION = YES;
				CLANG_WARN_OBJC_ROOT_CLASS = YES_ERROR;
				CLANG_WARN_QUOTED_INCLUDE_IN_FRAMEWORK_HEADER = YES;
				CLANG_WARN_RANGE_LOOP_ANALYSIS = YES;
				CLANG_WARN_STRICT_PROTOTYPES = YES;
				CLANG_WARN_SUSPICIOUS_MOVE = YES;
				CLANG_WARN_UNGUARDED_AVAILABILITY = YES_AGGRESSIVE;
				CLANG_WARN_UNREACHABLE_CODE = YES;
				CLANG_WARN__DUPLICATE_METHOD_MATCH = YES;
				COPY_PHASE_STRIP = NO;
				DEBUG_INFORMATION_FORMAT = "dwarf-with-dsym";
				ENABLE_NS_ASSERTIONS = NO;
				ENABLE_STRICT_OBJC_MSGSEND = YES;
				ENABLE_USER_SCRIPT_SANDBOXING = YES;
				GCC_C_LANGUAGE_STANDARD = gnu17;
				GCC_NO_COMMON_BLOCKS = YES;
				GCC_WARN_64_TO_32_BIT_CONVERSION = YES;
				GCC_WARN_ABOUT_RETURN_TYPE = YES_ERROR;
				GCC_WARN_UNDECLARED_SELECTOR = YES;
				GCC_WARN_UNINITIALIZED_AUTOS = YES_AGGRESSIVE;
				GCC_WARN_UNUSED_FUNCTION = YES;
				GCC_WARN_UNUSED_VARIABLE = YES;
				IPHONEOS_DEPLOYMENT_TARGET = 17.4;
				LOCALIZATION_PREFERS_STRING_CATALOGS = YES;
				MTL_ENABLE_DEBUG_INFO = NO;
				MTL_FAST_MATH = YES;
				SDKROOT = iphoneos;
				SWIFT_COMPILATION_MODE = wholemodule;
				VALIDATE_PRODUCT = YES;
			};
			name = Release;
		};
		AC8710DD2BE6585000387147 /* Debug */ = {
			isa = XCBuildConfiguration;
			buildSettings = {
				ASSETCATALOG_COMPILER_APPICON_NAME = AppIcon;
				ASSETCATALOG_COMPILER_GLOBAL_ACCENT_COLOR_NAME = AccentColor;
				CODE_SIGN_STYLE = Automatic;
				CURRENT_PROJECT_VERSION = 1;
				DEVELOPMENT_TEAM = D4R9788Y8X;
				GENERATE_INFOPLIST_FILE = YES;
				INFOPLIST_FILE = ImageFeed/Info.plist;
				INFOPLIST_KEY_NSPhotoLibraryAddUsageDescription = "";
				INFOPLIST_KEY_NSPhotoLibraryUsageDescription = "";
				INFOPLIST_KEY_UIApplicationSupportsIndirectInputEvents = YES;
				INFOPLIST_KEY_UILaunchStoryboardName = LaunchScreen;
				INFOPLIST_KEY_UIMainStoryboardFile = Main;
				INFOPLIST_KEY_UISupportedInterfaceOrientations = UIInterfaceOrientationPortrait;
				INFOPLIST_KEY_UISupportedInterfaceOrientations_iPad = "UIInterfaceOrientationLandscapeLeft UIInterfaceOrientationLandscapeRight UIInterfaceOrientationPortrait UIInterfaceOrientationPortraitUpsideDown";
				IPHONEOS_DEPLOYMENT_TARGET = 13.0;
				LD_RUNPATH_SEARCH_PATHS = (
					"$(inherited)",
					"@executable_path/Frameworks",
				);
				MARKETING_VERSION = 1.0;
				PRODUCT_BUNDLE_IDENTIFIER = A.M.ImageFeed;
				PRODUCT_NAME = "$(TARGET_NAME)";
				SUPPORTED_PLATFORMS = "iphoneos iphonesimulator";
				SUPPORTS_MACCATALYST = NO;
				SUPPORTS_MAC_DESIGNED_FOR_IPHONE_IPAD = NO;
				SUPPORTS_XR_DESIGNED_FOR_IPHONE_IPAD = NO;
				SWIFT_EMIT_LOC_STRINGS = YES;
				SWIFT_VERSION = 5.0;
				TARGETED_DEVICE_FAMILY = 1;
			};
			name = Debug;
		};
		AC8710DE2BE6585000387147 /* Release */ = {
			isa = XCBuildConfiguration;
			buildSettings = {
				ASSETCATALOG_COMPILER_APPICON_NAME = AppIcon;
				ASSETCATALOG_COMPILER_GLOBAL_ACCENT_COLOR_NAME = AccentColor;
				CODE_SIGN_STYLE = Automatic;
				CURRENT_PROJECT_VERSION = 1;
				DEVELOPMENT_TEAM = D4R9788Y8X;
				GENERATE_INFOPLIST_FILE = YES;
				INFOPLIST_FILE = ImageFeed/Info.plist;
				INFOPLIST_KEY_NSPhotoLibraryAddUsageDescription = "";
				INFOPLIST_KEY_NSPhotoLibraryUsageDescription = "";
				INFOPLIST_KEY_UIApplicationSupportsIndirectInputEvents = YES;
				INFOPLIST_KEY_UILaunchStoryboardName = LaunchScreen;
				INFOPLIST_KEY_UIMainStoryboardFile = Main;
				INFOPLIST_KEY_UISupportedInterfaceOrientations = UIInterfaceOrientationPortrait;
				INFOPLIST_KEY_UISupportedInterfaceOrientations_iPad = "UIInterfaceOrientationLandscapeLeft UIInterfaceOrientationLandscapeRight UIInterfaceOrientationPortrait UIInterfaceOrientationPortraitUpsideDown";
				IPHONEOS_DEPLOYMENT_TARGET = 13.0;
				LD_RUNPATH_SEARCH_PATHS = (
					"$(inherited)",
					"@executable_path/Frameworks",
				);
				MARKETING_VERSION = 1.0;
				PRODUCT_BUNDLE_IDENTIFIER = A.M.ImageFeed;
				PRODUCT_NAME = "$(TARGET_NAME)";
				SUPPORTED_PLATFORMS = "iphoneos iphonesimulator";
				SUPPORTS_MACCATALYST = NO;
				SUPPORTS_MAC_DESIGNED_FOR_IPHONE_IPAD = NO;
				SUPPORTS_XR_DESIGNED_FOR_IPHONE_IPAD = NO;
				SWIFT_EMIT_LOC_STRINGS = YES;
				SWIFT_VERSION = 5.0;
				TARGETED_DEVICE_FAMILY = 1;
			};
			name = Release;
		};
/* End XCBuildConfiguration section */

/* Begin XCConfigurationList section */
		AC8710C32BE6584F00387147 /* Build configuration list for PBXProject "ImageFeed" */ = {
			isa = XCConfigurationList;
			buildConfigurations = (
				AC8710DA2BE6585000387147 /* Debug */,
				AC8710DB2BE6585000387147 /* Release */,
			);
			defaultConfigurationIsVisible = 0;
			defaultConfigurationName = Release;
		};
		AC8710DC2BE6585000387147 /* Build configuration list for PBXNativeTarget "ImageFeed" */ = {
			isa = XCConfigurationList;
			buildConfigurations = (
				AC8710DD2BE6585000387147 /* Debug */,
				AC8710DE2BE6585000387147 /* Release */,
			);
			defaultConfigurationIsVisible = 0;
			defaultConfigurationName = Release;
		};
/* End XCConfigurationList section */
	};
	rootObject = AC8710C02BE6584F00387147 /* Project object */;
}
